{
  "originHash" : "62bb69487ed4cb7b6d422e48e6e4aa711ebb165910459e8eab508d044ef4f3f2",
  "pins" : [
    {
      "identity" : "environmentoverrides",
      "kind" : "remoteSourceControl",
      "location" : "https://github.com/nalexn/EnvironmentOverrides",
      "state" : {
        "revision" : "d0b763a678d254e51c74c48e83119bd063250ba3",
        "version" : "0.0.4"
      }
    },
    {
      "identity" : "swiftfulloadingindicators",
      "kind" : "remoteSourceControl",
      "location" : "https://github.com/SwiftfulThinking/SwiftfulLoadingIndicators.git",
      "state" : {
        "revision" : "85858c0246dcd781228301f9928519f75ce89758",
        "version" : "0.0.4"
      }
    },
    {
      "identity" : "viewinspector",
      "kind" : "remoteSourceControl",
      "location" : "https://github.com/nalexn/ViewInspector.git",
      "state" : {
        "revision" : "a1422d4749ccf7f32b1d14a9ec19ec9a0b0fd337",
        "version" : "0.9.9"
      }
    }
  ],
  "version" : 3
}
