// !$*UTF8*$!
{
	archiveVersion = 1;
	classes = {
	};
	objectVersion = 56;
	objects = {

/* Begin PBXBuildFile section */
		A505865329BCFF2A001F1970 /* AuthenticateMessage.swift in Sources */ = {isa = PBXBuildFile; fileRef = A505865229BCFF2A001F1970 /* AuthenticateMessage.swift */; };
		A505865529BD003B001F1970 /* PersistentManager.swift in Sources */ = {isa = PBXBuildFile; fileRef = A505865429BD003B001F1970 /* PersistentManager.swift */; };
		A505865729BD00C8001F1970 /* Extentions.swift in Sources */ = {isa = PBXBuildFile; fileRef = A505865629BD00C8001F1970 /* Extentions.swift */; };
		A50A1A662AA44A2D00A6AD6D /* ServiceContainer.swift in Sources */ = {isa = PBXBuildFile; fileRef = A50A1A652AA44A2D00A6AD6D /* ServiceContainer.swift */; };
		A50A1A6B2AA44C9400A6AD6D /* Helper.swift in Sources */ = {isa = PBXBuildFile; fileRef = A50A1A6A2AA44C9400A6AD6D /* Helper.swift */; };
		A50A1A6D2AA44CE000A6AD6D /* SceneDelegate.swift in Sources */ = {isa = PBXBuildFile; fileRef = A50A1A6C2AA44CE000A6AD6D /* SceneDelegate.swift */; };
		A50A1A6F2AA44D0D00A6AD6D /* AppEnvironment.swift in Sources */ = {isa = PBXBuildFile; fileRef = A50A1A6E2AA44D0D00A6AD6D /* AppEnvironment.swift */; };
		A50B16792AC26BA400571D27 /* InsightService.swift in Sources */ = {isa = PBXBuildFile; fileRef = A50B16782AC26BA400571D27 /* InsightService.swift */; };
		A50B167B2AC26D3300571D27 /* InsightDBRepository.swift in Sources */ = {isa = PBXBuildFile; fileRef = A50B167A2AC26D3300571D27 /* InsightDBRepository.swift */; };
		A50B167D2AC26D7400571D27 /* InsightRepository.swift in Sources */ = {isa = PBXBuildFile; fileRef = A50B167C2AC26D7400571D27 /* InsightRepository.swift */; };
		A50F0E552AC1233B0081AD4C /* GeneralUserSummary.swift in Sources */ = {isa = PBXBuildFile; fileRef = A50F0E542AC1233B0081AD4C /* GeneralUserSummary.swift */; };
		A516527F2AA43A87005E9BC6 /* Diary.swift in Sources */ = {isa = PBXBuildFile; fileRef = A516527E2AA43A87005E9BC6 /* Diary.swift */; };
		A51B4E342AD0F14500A14AFA /* AITherapistTests.swift in Sources */ = {isa = PBXBuildFile; fileRef = A51B4E332AD0F14500A14AFA /* AITherapistTests.swift */; };
		A51B4E3B2AD0F1C300A14AFA /* ConversationsTests.swift in Sources */ = {isa = PBXBuildFile; fileRef = A51B4E3A2AD0F1C200A14AFA /* ConversationsTests.swift */; };
		A525EEAA29B172BC00A57CE8 /* AITherapistApp.swift in Sources */ = {isa = PBXBuildFile; fileRef = A525EEA929B172BC00A57CE8 /* AITherapistApp.swift */; };
		A525EEAC29B172BC00A57CE8 /* ContentView.swift in Sources */ = {isa = PBXBuildFile; fileRef = A525EEAB29B172BC00A57CE8 /* ContentView.swift */; };
		A566DCA12AA503A200920940 /* WebRepository.swift in Sources */ = {isa = PBXBuildFile; fileRef = A566DCA02AA503A200920940 /* WebRepository.swift */; };
		A566DCA32AA503EE00920940 /* APICall.swift in Sources */ = {isa = PBXBuildFile; fileRef = A566DCA22AA503EE00920940 /* APICall.swift */; };
		A569DEFD2AA4423C006D39AA /* Chat.swift in Sources */ = {isa = PBXBuildFile; fileRef = A569DEFC2AA4423C006D39AA /* Chat.swift */; };
		A569DF002AA447B0006D39AA /* AppDelegate.swift in Sources */ = {isa = PBXBuildFile; fileRef = A569DEFF2AA447B0006D39AA /* AppDelegate.swift */; };
		A569DF022AA44822006D39AA /* SystemEventsHandler.swift in Sources */ = {isa = PBXBuildFile; fileRef = A569DF012AA44822006D39AA /* SystemEventsHandler.swift */; };
		A569DF042AA4488C006D39AA /* DependencyInjector.swift in Sources */ = {isa = PBXBuildFile; fileRef = A569DF032AA4488C006D39AA /* DependencyInjector.swift */; };
		A569DF072AA448E9006D39AA /* Store.swift in Sources */ = {isa = PBXBuildFile; fileRef = A569DF062AA448E9006D39AA /* Store.swift */; };
		A56E17A029B2DB680077B76B /* SpeakManager.swift in Sources */ = {isa = PBXBuildFile; fileRef = A56E179F29B2DB680077B76B /* SpeakManager.swift */; };
		A577D5DE2AB7A2A100D48F94 /* Assets.xcassets in Resources */ = {isa = PBXBuildFile; fileRef = A525EEAD29B172BF00A57CE8 /* Assets.xcassets */; };
		A578EACC2AA418A200D992AD /* Message.swift in Sources */ = {isa = PBXBuildFile; fileRef = A578EACB2AA418A200D992AD /* Message.swift */; };
		A57AD7D02AA64AB8008EC1FB /* ConversationRepository.swift in Sources */ = {isa = PBXBuildFile; fileRef = A57AD7CF2AA64AB8008EC1FB /* ConversationRepository.swift */; };
		A57AD7D32AA64C6D008EC1FB /* Error.swift in Sources */ = {isa = PBXBuildFile; fileRef = A57AD7D22AA64C6D008EC1FB /* Error.swift */; };
		A57AD7D52AA65D83008EC1FB /* AuthenticateRepository.swift in Sources */ = {isa = PBXBuildFile; fileRef = A57AD7D42AA65D83008EC1FB /* AuthenticateRepository.swift */; };
		A57AD7D82AA6781F008EC1FB /* ConversationService.swift in Sources */ = {isa = PBXBuildFile; fileRef = A57AD7D72AA6781F008EC1FB /* ConversationService.swift */; };
		A57AD7DA2AA678CB008EC1FB /* LazyList.swift in Sources */ = {isa = PBXBuildFile; fileRef = A57AD7D92AA678CB008EC1FB /* LazyList.swift */; };
		A57AD7E02AA67B51008EC1FB /* Loadable.swift in Sources */ = {isa = PBXBuildFile; fileRef = A57AD7DF2AA67B51008EC1FB /* Loadable.swift */; };
		A58AA4952AD601C9001F7253 /* ChatDBRepository.swift in Sources */ = {isa = PBXBuildFile; fileRef = A58AA4942AD601C9001F7253 /* ChatDBRepository.swift */; };
		A58AA4972AD7A9DA001F7253 /* Loading.swift in Sources */ = {isa = PBXBuildFile; fileRef = A58AA4962AD7A9D9001F7253 /* Loading.swift */; };
		A58AA4992AD7C86B001F7253 /* Constants.swift in Sources */ = {isa = PBXBuildFile; fileRef = A58AA4982AD7C86B001F7253 /* Constants.swift */; };
		A596AD1229B4385100C19DA6 /* MicManager.swift in Sources */ = {isa = PBXBuildFile; fileRef = A596AD1129B4385100C19DA6 /* MicManager.swift */; };
		A59C63F02ACA37EE00B76256 /* LoginViewModel.swift in Sources */ = {isa = PBXBuildFile; fileRef = A59C63CB2ACA37EE00B76256 /* LoginViewModel.swift */; };
		A59C63F12ACA37EE00B76256 /* LoginView.swift in Sources */ = {isa = PBXBuildFile; fileRef = A59C63CD2ACA37EE00B76256 /* LoginView.swift */; };
		A59C63F22ACA37EE00B76256 /* UsernameInputView.swift in Sources */ = {isa = PBXBuildFile; fileRef = A59C63CE2ACA37EE00B76256 /* UsernameInputView.swift */; };
		A59C63F32ACA37EE00B76256 /* PasswordInputView.swift in Sources */ = {isa = PBXBuildFile; fileRef = A59C63CF2ACA37EE00B76256 /* PasswordInputView.swift */; };
		A59C63F42ACA37EE00B76256 /* AuthenticationView.swift in Sources */ = {isa = PBXBuildFile; fileRef = A59C63D12ACA37EE00B76256 /* AuthenticationView.swift */; };
		A59C63F52ACA37EE00B76256 /* AuthenticationViewModel.swift in Sources */ = {isa = PBXBuildFile; fileRef = A59C63D22ACA37EE00B76256 /* AuthenticationViewModel.swift */; };
		A59C63F62ACA37EE00B76256 /* RootViewAppearance.swift in Sources */ = {isa = PBXBuildFile; fileRef = A59C63D42ACA37EE00B76256 /* RootViewAppearance.swift */; };
		A59C63F72ACA37EE00B76256 /* Logo.swift in Sources */ = {isa = PBXBuildFile; fileRef = A59C63D62ACA37EE00B76256 /* Logo.swift */; };
		A59C63F82ACA37EE00B76256 /* CustomTabBar.swift in Sources */ = {isa = PBXBuildFile; fileRef = A59C63D72ACA37EE00B76256 /* CustomTabBar.swift */; };
		A59C63F92ACA37EE00B76256 /* ActivityIndicatorView.swift in Sources */ = {isa = PBXBuildFile; fileRef = A59C63D82ACA37EE00B76256 /* ActivityIndicatorView.swift */; };
		A59C63FA2ACA37EE00B76256 /* ErrorView.swift in Sources */ = {isa = PBXBuildFile; fileRef = A59C63D92ACA37EE00B76256 /* ErrorView.swift */; };
		A59C63FB2ACA37EE00B76256 /* HomeView.swift in Sources */ = {isa = PBXBuildFile; fileRef = A59C63DB2ACA37EE00B76256 /* HomeView.swift */; };
		A59C63FC2ACA37EE00B76256 /* MainView.swift in Sources */ = {isa = PBXBuildFile; fileRef = A59C63DD2ACA37EE00B76256 /* MainView.swift */; };
		A59C63FD2ACA37EE00B76256 /* ContentMessageView.swift in Sources */ = {isa = PBXBuildFile; fileRef = A59C63E12ACA37EE00B76256 /* ContentMessageView.swift */; };
		A59C63FE2ACA37EE00B76256 /* SpeechVisualBarView.swift in Sources */ = {isa = PBXBuildFile; fileRef = A59C63E22ACA37EE00B76256 /* SpeechVisualBarView.swift */; };
		A59C63FF2ACA37EE00B76256 /* TherapyChatView.swift in Sources */ = {isa = PBXBuildFile; fileRef = A59C63E32ACA37EE00B76256 /* TherapyChatView.swift */; };
		A59C64002ACA37EE00B76256 /* SignUpView.swift in Sources */ = {isa = PBXBuildFile; fileRef = A59C63E42ACA37EE00B76256 /* SignUpView.swift */; };
		A59C64012ACA37EE00B76256 /* MessageView.swift in Sources */ = {isa = PBXBuildFile; fileRef = A59C63E52ACA37EE00B76256 /* MessageView.swift */; };
		A59C64022ACA37EE00B76256 /* BreathingView.swift in Sources */ = {isa = PBXBuildFile; fileRef = A59C63E72ACA37EE00B76256 /* BreathingView.swift */; };
		A59C64032ACA37EE00B76256 /* ConversationListView.swift in Sources */ = {isa = PBXBuildFile; fileRef = A59C63E92ACA37EE00B76256 /* ConversationListView.swift */; };
		A59C64042ACA37EE00B76256 /* MainContentView.swift in Sources */ = {isa = PBXBuildFile; fileRef = A59C63EB2ACA37EE00B76256 /* MainContentView.swift */; };
		A59C64052ACA37EE00B76256 /* TherapyChatModel.swift in Sources */ = {isa = PBXBuildFile; fileRef = A59C63EE2ACA37EE00B76256 /* TherapyChatModel.swift */; };
		A59C64072ACA3DA300B76256 /* Fonts.swift in Sources */ = {isa = PBXBuildFile; fileRef = A59C64062ACA3DA300B76256 /* Fonts.swift */; };
		A59C64092ACA58E500B76256 /* ChartView.swift in Sources */ = {isa = PBXBuildFile; fileRef = A59C64082ACA58E500B76256 /* ChartView.swift */; };
		A5A708CC29C5342B001BCF2F /* SpeechManager.swift in Sources */ = {isa = PBXBuildFile; fileRef = A5A708CB29C5342B001BCF2F /* SpeechManager.swift */; };
		A5AE6FDA2AA3E9AE00168037 /* ConversationSummary.swift in Sources */ = {isa = PBXBuildFile; fileRef = A5AE6FD92AA3E9AE00168037 /* ConversationSummary.swift */; };
		A5AE6FDD2AA3ECF100168037 /* Conversation.swift in Sources */ = {isa = PBXBuildFile; fileRef = A5AE6FDC2AA3ECF000168037 /* Conversation.swift */; };
		A5AE6FEF2AA3F37600168037 /* AppState.swift in Sources */ = {isa = PBXBuildFile; fileRef = A5AE6FEE2AA3F37600168037 /* AppState.swift */; };
		A5B7D5CE29B3AFFD001D7113 /* User.swift in Sources */ = {isa = PBXBuildFile; fileRef = A5B7D5CD29B3AFFD001D7113 /* User.swift */; };
		A5B7D5D029B3B03C001D7113 /* Enums.swift in Sources */ = {isa = PBXBuildFile; fileRef = A5B7D5CF29B3B03C001D7113 /* Enums.swift */; };
		A5B7D5D929B3B640001D7113 /* DatabaseManager.swift in Sources */ = {isa = PBXBuildFile; fileRef = A5B7D5D829B3B640001D7113 /* DatabaseManager.swift */; };
		A5B7D5DF29B3D4B3001D7113 /* NetworkManager.swift in Sources */ = {isa = PBXBuildFile; fileRef = A5B7D5DE29B3D4B3001D7113 /* NetworkManager.swift */; };
		A5B7D5E829B41997001D7113 /* Utilities.swift in Sources */ = {isa = PBXBuildFile; fileRef = A5B7D5E729B41997001D7113 /* Utilities.swift */; };
		A5C55FDB2AA55DBD00154ED0 /* CancelBag.swift in Sources */ = {isa = PBXBuildFile; fileRef = A5C55FDA2AA55DBD00154ED0 /* CancelBag.swift */; };
		A5CA948B2AA7D74300E25A46 /* ConversationDBRepository.swift in Sources */ = {isa = PBXBuildFile; fileRef = A5CA948A2AA7D74300E25A46 /* ConversationDBRepository.swift */; };
		A5CA948D2AA7FA6D00E25A46 /* PushNotificationsHandler.swift in Sources */ = {isa = PBXBuildFile; fileRef = A5CA948C2AA7FA6D00E25A46 /* PushNotificationsHandler.swift */; };
		A5CA948F2AA7FE8000E25A46 /* DeepLinksHandler.swift in Sources */ = {isa = PBXBuildFile; fileRef = A5CA948E2AA7FE8000E25A46 /* DeepLinksHandler.swift */; };
		A5CA94912AA7FFBC00E25A46 /* PushTokenWebRepository.swift in Sources */ = {isa = PBXBuildFile; fileRef = A5CA94902AA7FFBC00E25A46 /* PushTokenWebRepository.swift */; };
		A5CA94932AA8039D00E25A46 /* UserPermissionsService.swift in Sources */ = {isa = PBXBuildFile; fileRef = A5CA94922AA8039D00E25A46 /* UserPermissionsService.swift */; };
		A5CA94962AA80F7F00E25A46 /* EnvironmentOverrides in Frameworks */ = {isa = PBXBuildFile; productRef = A5CA94952AA80F7F00E25A46 /* EnvironmentOverrides */; };
		A5CA94A02AA958AC00E25A46 /* Response.swift in Sources */ = {isa = PBXBuildFile; fileRef = A5CA949F2AA958AC00E25A46 /* Response.swift */; };
		A5CA94A22AA959BD00E25A46 /* AuthenticateService.swift in Sources */ = {isa = PBXBuildFile; fileRef = A5CA94A12AA959BD00E25A46 /* AuthenticateService.swift */; };
		A5CA94A42AA9646500E25A46 /* UserDBRepository.swift in Sources */ = {isa = PBXBuildFile; fileRef = A5CA94A32AA9646500E25A46 /* UserDBRepository.swift */; };
		A5CA94BA2AAAB6F400E25A46 /* splashScreen.json in Resources */ = {isa = PBXBuildFile; fileRef = A5CA94B52AAAA4E300E25A46 /* splashScreen.json */; };
		A5EFC5912AC1072300D6097B /* Insight.swift in Sources */ = {isa = PBXBuildFile; fileRef = A5EFC5902AC1072300D6097B /* Insight.swift */; };
		A5EFC5932AC10F0C00D6097B /* Quote.swift in Sources */ = {isa = PBXBuildFile; fileRef = A5EFC5922AC10F0C00D6097B /* Quote.swift */; };
		A5EFC5962AC10FC600D6097B /* Mood.swift in Sources */ = {isa = PBXBuildFile; fileRef = A5EFC5952AC10FC600D6097B /* Mood.swift */; };
		F5BED7ECE5A1009911E9192C /* Pods_AITherapist.framework in Frameworks */ = {isa = PBXBuildFile; fileRef = 470052D87753E53A6EB3A9BF /* Pods_AITherapist.framework */; };
/* End PBXBuildFile section */

/* Begin PBXContainerItemProxy section */
		A51B4E352AD0F14500A14AFA /* PBXContainerItemProxy */ = {
			isa = PBXContainerItemProxy;
			containerPortal = A525EE9E29B172BC00A57CE8 /* Project object */;
			proxyType = 1;
			remoteGlobalIDString = A525EEA529B172BC00A57CE8;
			remoteInfo = AITherapist;
		};
/* End PBXContainerItemProxy section */

/* Begin PBXFileReference section */
		470052D87753E53A6EB3A9BF /* Pods_AITherapist.framework */ = {isa = PBXFileReference; explicitFileType = wrapper.framework; includeInIndex = 0; path = Pods_AITherapist.framework; sourceTree = BUILT_PRODUCTS_DIR; };
		8DE6E6FDFE71D5785CF8491A /* Pods-AITherapist.release.xcconfig */ = {isa = PBXFileReference; includeInIndex = 1; lastKnownFileType = text.xcconfig; name = "Pods-AITherapist.release.xcconfig"; path = "Target Support Files/Pods-AITherapist/Pods-AITherapist.release.xcconfig"; sourceTree = "<group>"; };
		A505865229BCFF2A001F1970 /* AuthenticateMessage.swift */ = {isa = PBXFileReference; lastKnownFileType = sourcecode.swift; path = AuthenticateMessage.swift; sourceTree = "<group>"; };
		A505865429BD003B001F1970 /* PersistentManager.swift */ = {isa = PBXFileReference; lastKnownFileType = sourcecode.swift; path = PersistentManager.swift; sourceTree = "<group>"; };
		A505865629BD00C8001F1970 /* Extentions.swift */ = {isa = PBXFileReference; lastKnownFileType = sourcecode.swift; path = Extentions.swift; sourceTree = "<group>"; };
		A50A1A652AA44A2D00A6AD6D /* ServiceContainer.swift */ = {isa = PBXFileReference; lastKnownFileType = sourcecode.swift; name = ServiceContainer.swift; path = /Users/cyrusrefahi/Documents/AITherapist/AITherapist/Injected/ServiceContainer.swift; sourceTree = "<absolute>"; };
		A50A1A6A2AA44C9400A6AD6D /* Helper.swift */ = {isa = PBXFileReference; lastKnownFileType = sourcecode.swift; path = Helper.swift; sourceTree = "<group>"; };
		A50A1A6C2AA44CE000A6AD6D /* SceneDelegate.swift */ = {isa = PBXFileReference; lastKnownFileType = sourcecode.swift; path = SceneDelegate.swift; sourceTree = "<group>"; };
		A50A1A6E2AA44D0D00A6AD6D /* AppEnvironment.swift */ = {isa = PBXFileReference; lastKnownFileType = sourcecode.swift; path = AppEnvironment.swift; sourceTree = "<group>"; };
		A50B16782AC26BA400571D27 /* InsightService.swift */ = {isa = PBXFileReference; lastKnownFileType = sourcecode.swift; path = InsightService.swift; sourceTree = "<group>"; };
		A50B167A2AC26D3300571D27 /* InsightDBRepository.swift */ = {isa = PBXFileReference; lastKnownFileType = sourcecode.swift; path = InsightDBRepository.swift; sourceTree = "<group>"; };
		A50B167C2AC26D7400571D27 /* InsightRepository.swift */ = {isa = PBXFileReference; fileEncoding = 4; lastKnownFileType = sourcecode.swift; path = InsightRepository.swift; sourceTree = "<group>"; };
		A50F0E542AC1233B0081AD4C /* GeneralUserSummary.swift */ = {isa = PBXFileReference; lastKnownFileType = sourcecode.swift; path = GeneralUserSummary.swift; sourceTree = "<group>"; };
		A516527E2AA43A87005E9BC6 /* Diary.swift */ = {isa = PBXFileReference; lastKnownFileType = sourcecode.swift; path = Diary.swift; sourceTree = "<group>"; };
		A51B4E312AD0F14500A14AFA /* AITherapistTests.xctest */ = {isa = PBXFileReference; explicitFileType = wrapper.cfbundle; includeInIndex = 0; path = AITherapistTests.xctest; sourceTree = BUILT_PRODUCTS_DIR; };
		A51B4E332AD0F14500A14AFA /* AITherapistTests.swift */ = {isa = PBXFileReference; lastKnownFileType = sourcecode.swift; path = AITherapistTests.swift; sourceTree = "<group>"; };
		A51B4E3A2AD0F1C200A14AFA /* ConversationsTests.swift */ = {isa = PBXFileReference; lastKnownFileType = sourcecode.swift; path = ConversationsTests.swift; sourceTree = "<group>"; };
		A525EEA629B172BC00A57CE8 /* AITherapist.app */ = {isa = PBXFileReference; explicitFileType = wrapper.application; includeInIndex = 0; path = AITherapist.app; sourceTree = BUILT_PRODUCTS_DIR; };
		A525EEA929B172BC00A57CE8 /* AITherapistApp.swift */ = {isa = PBXFileReference; lastKnownFileType = sourcecode.swift; path = AITherapistApp.swift; sourceTree = "<group>"; };
		A525EEAB29B172BC00A57CE8 /* ContentView.swift */ = {isa = PBXFileReference; lastKnownFileType = sourcecode.swift; path = ContentView.swift; sourceTree = "<group>"; };
		A525EEAD29B172BF00A57CE8 /* Assets.xcassets */ = {isa = PBXFileReference; lastKnownFileType = folder.assetcatalog; path = Assets.xcassets; sourceTree = "<group>"; };
		A525EEB029B172BF00A57CE8 /* Preview Assets.xcassets */ = {isa = PBXFileReference; lastKnownFileType = folder.assetcatalog; path = "Preview Assets.xcassets"; sourceTree = "<group>"; };
		A566DCA02AA503A200920940 /* WebRepository.swift */ = {isa = PBXFileReference; lastKnownFileType = sourcecode.swift; path = WebRepository.swift; sourceTree = "<group>"; };
		A566DCA22AA503EE00920940 /* APICall.swift */ = {isa = PBXFileReference; lastKnownFileType = sourcecode.swift; path = APICall.swift; sourceTree = "<group>"; };
		A569DEFC2AA4423C006D39AA /* Chat.swift */ = {isa = PBXFileReference; lastKnownFileType = sourcecode.swift; path = Chat.swift; sourceTree = "<group>"; };
		A569DEFF2AA447B0006D39AA /* AppDelegate.swift */ = {isa = PBXFileReference; lastKnownFileType = sourcecode.swift; path = AppDelegate.swift; sourceTree = "<group>"; };
		A569DF012AA44822006D39AA /* SystemEventsHandler.swift */ = {isa = PBXFileReference; lastKnownFileType = sourcecode.swift; path = SystemEventsHandler.swift; sourceTree = "<group>"; };
		A569DF032AA4488C006D39AA /* DependencyInjector.swift */ = {isa = PBXFileReference; lastKnownFileType = sourcecode.swift; path = DependencyInjector.swift; sourceTree = "<group>"; };
		A569DF062AA448E9006D39AA /* Store.swift */ = {isa = PBXFileReference; lastKnownFileType = sourcecode.swift; path = Store.swift; sourceTree = "<group>"; };
		A56E179F29B2DB680077B76B /* SpeakManager.swift */ = {isa = PBXFileReference; lastKnownFileType = sourcecode.swift; path = SpeakManager.swift; sourceTree = "<group>"; };
		A578EACB2AA418A200D992AD /* Message.swift */ = {isa = PBXFileReference; lastKnownFileType = sourcecode.swift; path = Message.swift; sourceTree = "<group>"; };
		A57AD7CF2AA64AB8008EC1FB /* ConversationRepository.swift */ = {isa = PBXFileReference; lastKnownFileType = sourcecode.swift; path = ConversationRepository.swift; sourceTree = "<group>"; };
		A57AD7D22AA64C6D008EC1FB /* Error.swift */ = {isa = PBXFileReference; lastKnownFileType = sourcecode.swift; path = Error.swift; sourceTree = "<group>"; };
		A57AD7D42AA65D83008EC1FB /* AuthenticateRepository.swift */ = {isa = PBXFileReference; lastKnownFileType = sourcecode.swift; path = AuthenticateRepository.swift; sourceTree = "<group>"; };
		A57AD7D72AA6781F008EC1FB /* ConversationService.swift */ = {isa = PBXFileReference; lastKnownFileType = sourcecode.swift; path = ConversationService.swift; sourceTree = "<group>"; };
		A57AD7D92AA678CB008EC1FB /* LazyList.swift */ = {isa = PBXFileReference; lastKnownFileType = sourcecode.swift; path = LazyList.swift; sourceTree = "<group>"; };
		A57AD7DF2AA67B51008EC1FB /* Loadable.swift */ = {isa = PBXFileReference; lastKnownFileType = sourcecode.swift; path = Loadable.swift; sourceTree = "<group>"; };
		A58AA4942AD601C9001F7253 /* ChatDBRepository.swift */ = {isa = PBXFileReference; lastKnownFileType = sourcecode.swift; path = ChatDBRepository.swift; sourceTree = "<group>"; };
		A58AA4962AD7A9D9001F7253 /* Loading.swift */ = {isa = PBXFileReference; lastKnownFileType = sourcecode.swift; path = Loading.swift; sourceTree = "<group>"; };
		A58AA4982AD7C86B001F7253 /* Constants.swift */ = {isa = PBXFileReference; lastKnownFileType = sourcecode.swift; name = Constants.swift; path = AITherapist/Utilities/Constants.swift; sourceTree = SOURCE_ROOT; };
		A596AD1129B4385100C19DA6 /* MicManager.swift */ = {isa = PBXFileReference; lastKnownFileType = sourcecode.swift; path = MicManager.swift; sourceTree = "<group>"; };
		A59C63CB2ACA37EE00B76256 /* LoginViewModel.swift */ = {isa = PBXFileReference; fileEncoding = 4; lastKnownFileType = sourcecode.swift; path = LoginViewModel.swift; sourceTree = "<group>"; };
		A59C63CD2ACA37EE00B76256 /* LoginView.swift */ = {isa = PBXFileReference; fileEncoding = 4; lastKnownFileType = sourcecode.swift; path = LoginView.swift; sourceTree = "<group>"; };
		A59C63CE2ACA37EE00B76256 /* UsernameInputView.swift */ = {isa = PBXFileReference; fileEncoding = 4; lastKnownFileType = sourcecode.swift; path = UsernameInputView.swift; sourceTree = "<group>"; };
		A59C63CF2ACA37EE00B76256 /* PasswordInputView.swift */ = {isa = PBXFileReference; fileEncoding = 4; lastKnownFileType = sourcecode.swift; path = PasswordInputView.swift; sourceTree = "<group>"; };
		A59C63D12ACA37EE00B76256 /* AuthenticationView.swift */ = {isa = PBXFileReference; fileEncoding = 4; lastKnownFileType = sourcecode.swift; path = AuthenticationView.swift; sourceTree = "<group>"; };
		A59C63D22ACA37EE00B76256 /* AuthenticationViewModel.swift */ = {isa = PBXFileReference; fileEncoding = 4; lastKnownFileType = sourcecode.swift; path = AuthenticationViewModel.swift; sourceTree = "<group>"; };
		A59C63D42ACA37EE00B76256 /* RootViewAppearance.swift */ = {isa = PBXFileReference; fileEncoding = 4; lastKnownFileType = sourcecode.swift; path = RootViewAppearance.swift; sourceTree = "<group>"; };
		A59C63D62ACA37EE00B76256 /* Logo.swift */ = {isa = PBXFileReference; fileEncoding = 4; lastKnownFileType = sourcecode.swift; path = Logo.swift; sourceTree = "<group>"; };
		A59C63D72ACA37EE00B76256 /* CustomTabBar.swift */ = {isa = PBXFileReference; fileEncoding = 4; lastKnownFileType = sourcecode.swift; path = CustomTabBar.swift; sourceTree = "<group>"; };
		A59C63D82ACA37EE00B76256 /* ActivityIndicatorView.swift */ = {isa = PBXFileReference; fileEncoding = 4; lastKnownFileType = sourcecode.swift; path = ActivityIndicatorView.swift; sourceTree = "<group>"; };
		A59C63D92ACA37EE00B76256 /* ErrorView.swift */ = {isa = PBXFileReference; fileEncoding = 4; lastKnownFileType = sourcecode.swift; path = ErrorView.swift; sourceTree = "<group>"; };
		A59C63DB2ACA37EE00B76256 /* HomeView.swift */ = {isa = PBXFileReference; fileEncoding = 4; lastKnownFileType = sourcecode.swift; path = HomeView.swift; sourceTree = "<group>"; };
		A59C63DD2ACA37EE00B76256 /* MainView.swift */ = {isa = PBXFileReference; fileEncoding = 4; lastKnownFileType = sourcecode.swift; path = MainView.swift; sourceTree = "<group>"; };
		A59C63E12ACA37EE00B76256 /* ContentMessageView.swift */ = {isa = PBXFileReference; fileEncoding = 4; lastKnownFileType = sourcecode.swift; path = ContentMessageView.swift; sourceTree = "<group>"; };
		A59C63E22ACA37EE00B76256 /* SpeechVisualBarView.swift */ = {isa = PBXFileReference; fileEncoding = 4; lastKnownFileType = sourcecode.swift; path = SpeechVisualBarView.swift; sourceTree = "<group>"; };
		A59C63E32ACA37EE00B76256 /* TherapyChatView.swift */ = {isa = PBXFileReference; fileEncoding = 4; lastKnownFileType = sourcecode.swift; path = TherapyChatView.swift; sourceTree = "<group>"; };
		A59C63E42ACA37EE00B76256 /* SignUpView.swift */ = {isa = PBXFileReference; fileEncoding = 4; lastKnownFileType = sourcecode.swift; path = SignUpView.swift; sourceTree = "<group>"; };
		A59C63E52ACA37EE00B76256 /* MessageView.swift */ = {isa = PBXFileReference; fileEncoding = 4; lastKnownFileType = sourcecode.swift; path = MessageView.swift; sourceTree = "<group>"; };
		A59C63E72ACA37EE00B76256 /* BreathingView.swift */ = {isa = PBXFileReference; fileEncoding = 4; lastKnownFileType = sourcecode.swift; path = BreathingView.swift; sourceTree = "<group>"; };
		A59C63E92ACA37EE00B76256 /* ConversationListView.swift */ = {isa = PBXFileReference; fileEncoding = 4; lastKnownFileType = sourcecode.swift; path = ConversationListView.swift; sourceTree = "<group>"; };
		A59C63EB2ACA37EE00B76256 /* MainContentView.swift */ = {isa = PBXFileReference; fileEncoding = 4; lastKnownFileType = sourcecode.swift; path = MainContentView.swift; sourceTree = "<group>"; };
		A59C63EE2ACA37EE00B76256 /* TherapyChatModel.swift */ = {isa = PBXFileReference; fileEncoding = 4; lastKnownFileType = sourcecode.swift; path = TherapyChatModel.swift; sourceTree = "<group>"; };
		A59C64062ACA3DA300B76256 /* Fonts.swift */ = {isa = PBXFileReference; lastKnownFileType = sourcecode.swift; path = Fonts.swift; sourceTree = "<group>"; };
		A59C64082ACA58E500B76256 /* ChartView.swift */ = {isa = PBXFileReference; lastKnownFileType = sourcecode.swift; path = ChartView.swift; sourceTree = "<group>"; };
		A5A708CB29C5342B001BCF2F /* SpeechManager.swift */ = {isa = PBXFileReference; fileEncoding = 4; lastKnownFileType = sourcecode.swift; path = SpeechManager.swift; sourceTree = "<group>"; };
		A5AE6FD92AA3E9AE00168037 /* ConversationSummary.swift */ = {isa = PBXFileReference; lastKnownFileType = sourcecode.swift; path = ConversationSummary.swift; sourceTree = "<group>"; };
		A5AE6FDC2AA3ECF000168037 /* Conversation.swift */ = {isa = PBXFileReference; lastKnownFileType = sourcecode.swift; path = Conversation.swift; sourceTree = "<group>"; };
		A5AE6FEE2AA3F37600168037 /* AppState.swift */ = {isa = PBXFileReference; lastKnownFileType = sourcecode.swift; path = AppState.swift; sourceTree = "<group>"; };
		A5B7D5CD29B3AFFD001D7113 /* User.swift */ = {isa = PBXFileReference; lastKnownFileType = sourcecode.swift; path = User.swift; sourceTree = "<group>"; };
		A5B7D5CF29B3B03C001D7113 /* Enums.swift */ = {isa = PBXFileReference; lastKnownFileType = sourcecode.swift; path = Enums.swift; sourceTree = "<group>"; };
		A5B7D5D829B3B640001D7113 /* DatabaseManager.swift */ = {isa = PBXFileReference; lastKnownFileType = sourcecode.swift; path = DatabaseManager.swift; sourceTree = "<group>"; };
		A5B7D5DE29B3D4B3001D7113 /* NetworkManager.swift */ = {isa = PBXFileReference; fileEncoding = 4; lastKnownFileType = sourcecode.swift; path = NetworkManager.swift; sourceTree = "<group>"; };
		A5B7D5E729B41997001D7113 /* Utilities.swift */ = {isa = PBXFileReference; lastKnownFileType = sourcecode.swift; name = Utilities.swift; path = AITherapist/Utilities.swift; sourceTree = SOURCE_ROOT; };
		A5C55FDA2AA55DBD00154ED0 /* CancelBag.swift */ = {isa = PBXFileReference; lastKnownFileType = sourcecode.swift; path = CancelBag.swift; sourceTree = "<group>"; };
		A5CA948A2AA7D74300E25A46 /* ConversationDBRepository.swift */ = {isa = PBXFileReference; lastKnownFileType = sourcecode.swift; path = ConversationDBRepository.swift; sourceTree = "<group>"; };
		A5CA948C2AA7FA6D00E25A46 /* PushNotificationsHandler.swift */ = {isa = PBXFileReference; lastKnownFileType = sourcecode.swift; path = PushNotificationsHandler.swift; sourceTree = "<group>"; };
		A5CA948E2AA7FE8000E25A46 /* DeepLinksHandler.swift */ = {isa = PBXFileReference; lastKnownFileType = sourcecode.swift; path = DeepLinksHandler.swift; sourceTree = "<group>"; };
		A5CA94902AA7FFBC00E25A46 /* PushTokenWebRepository.swift */ = {isa = PBXFileReference; lastKnownFileType = sourcecode.swift; path = PushTokenWebRepository.swift; sourceTree = "<group>"; };
		A5CA94922AA8039D00E25A46 /* UserPermissionsService.swift */ = {isa = PBXFileReference; lastKnownFileType = sourcecode.swift; path = UserPermissionsService.swift; sourceTree = "<group>"; };
		A5CA949B2AA81ACE00E25A46 /* Localizable.strings */ = {isa = PBXFileReference; fileEncoding = 4; lastKnownFileType = text.plist.strings; path = Localizable.strings; sourceTree = "<group>"; };
		A5CA949C2AA81AD200E25A46 /* LaunchScreen.storyboard */ = {isa = PBXFileReference; fileEncoding = 4; lastKnownFileType = file.storyboard; path = LaunchScreen.storyboard; sourceTree = "<group>"; };
		A5CA949D2AA81B4000E25A46 /* Info.plist */ = {isa = PBXFileReference; lastKnownFileType = text.plist; path = Info.plist; sourceTree = "<group>"; };
		A5CA949F2AA958AC00E25A46 /* Response.swift */ = {isa = PBXFileReference; lastKnownFileType = sourcecode.swift; path = Response.swift; sourceTree = "<group>"; };
		A5CA94A12AA959BD00E25A46 /* AuthenticateService.swift */ = {isa = PBXFileReference; lastKnownFileType = sourcecode.swift; path = AuthenticateService.swift; sourceTree = "<group>"; };
		A5CA94A32AA9646500E25A46 /* UserDBRepository.swift */ = {isa = PBXFileReference; lastKnownFileType = sourcecode.swift; path = UserDBRepository.swift; sourceTree = "<group>"; };
		A5CA94B52AAAA4E300E25A46 /* splashScreen.json */ = {isa = PBXFileReference; lastKnownFileType = text.json; name = splashScreen.json; path = AITherapist/Resources/Assets/AfterEffects/splashScreen.json; sourceTree = SOURCE_ROOT; };
		A5EFC5902AC1072300D6097B /* Insight.swift */ = {isa = PBXFileReference; lastKnownFileType = sourcecode.swift; path = Insight.swift; sourceTree = "<group>"; };
		A5EFC5922AC10F0C00D6097B /* Quote.swift */ = {isa = PBXFileReference; lastKnownFileType = sourcecode.swift; path = Quote.swift; sourceTree = "<group>"; };
		A5EFC5952AC10FC600D6097B /* Mood.swift */ = {isa = PBXFileReference; lastKnownFileType = sourcecode.swift; path = Mood.swift; sourceTree = "<group>"; };
		E42015C30DF5C284A403DE1D /* Pods-AITherapist.debug.xcconfig */ = {isa = PBXFileReference; includeInIndex = 1; lastKnownFileType = text.xcconfig; name = "Pods-AITherapist.debug.xcconfig"; path = "Target Support Files/Pods-AITherapist/Pods-AITherapist.debug.xcconfig"; sourceTree = "<group>"; };
/* End PBXFileReference section */

/* Begin PBXFrameworksBuildPhase section */
		A51B4E2E2AD0F14500A14AFA /* Frameworks */ = {
			isa = PBXFrameworksBuildPhase;
			buildActionMask = 2147483647;
			files = (
			);
			runOnlyForDeploymentPostprocessing = 0;
		};
		A525EEA329B172BC00A57CE8 /* Frameworks */ = {
			isa = PBXFrameworksBuildPhase;
			buildActionMask = 2147483647;
			files = (
				A5CA94962AA80F7F00E25A46 /* EnvironmentOverrides in Frameworks */,
				F5BED7ECE5A1009911E9192C /* Pods_AITherapist.framework in Frameworks */,
			);
			runOnlyForDeploymentPostprocessing = 0;
		};
/* End PBXFrameworksBuildPhase section */

/* Begin PBXGroup section */
		061639D190501180EF62BFFA /* Pods */ = {
			isa = PBXGroup;
			children = (
				E42015C30DF5C284A403DE1D /* Pods-AITherapist.debug.xcconfig */,
				8DE6E6FDFE71D5785CF8491A /* Pods-AITherapist.release.xcconfig */,
			);
			path = Pods;
			sourceTree = "<group>";
		};
		987F8DB59E9D06126284ADE1 /* Frameworks */ = {
			isa = PBXGroup;
			children = (
				470052D87753E53A6EB3A9BF /* Pods_AITherapist.framework */,
			);
			name = Frameworks;
			sourceTree = "<group>";
		};
		A50F0E532AC123100081AD4C /* GeneralUserSummary */ = {
			isa = PBXGroup;
			children = (
				A50F0E542AC1233B0081AD4C /* GeneralUserSummary.swift */,
			);
			path = GeneralUserSummary;
			sourceTree = "<group>";
		};
		A51652802AA43E93005E9BC6 /* Quote */ = {
			isa = PBXGroup;
			children = (
				A5EFC5922AC10F0C00D6097B /* Quote.swift */,
			);
			name = Quote;
			path = AITherapist/Domain/Entities/Model/Quote;
			sourceTree = SOURCE_ROOT;
		};
		A51B4E322AD0F14500A14AFA /* AITherapistTests */ = {
			isa = PBXGroup;
			children = (
				A51B4E332AD0F14500A14AFA /* AITherapistTests.swift */,
			);
			path = AITherapistTests;
			sourceTree = "<group>";
		};
		A525EE9D29B172BC00A57CE8 = {
			isa = PBXGroup;
			children = (
				A5CA949A2AA81AA100E25A46 /* UnitTest */,
				A525EEA829B172BC00A57CE8 /* AITherapist */,
				A51B4E322AD0F14500A14AFA /* AITherapistTests */,
				A525EEA729B172BC00A57CE8 /* Products */,
				061639D190501180EF62BFFA /* Pods */,
				987F8DB59E9D06126284ADE1 /* Frameworks */,
			);
			sourceTree = "<group>";
		};
		A525EEA729B172BC00A57CE8 /* Products */ = {
			isa = PBXGroup;
			children = (
				A525EEA629B172BC00A57CE8 /* AITherapist.app */,
				A51B4E312AD0F14500A14AFA /* AITherapistTests.xctest */,
			);
			name = Products;
			sourceTree = "<group>";
		};
		A525EEA829B172BC00A57CE8 /* AITherapist */ = {
			isa = PBXGroup;
			children = (
				A5CA949D2AA81B4000E25A46 /* Info.plist */,
				A57AD7D62AA677ED008EC1FB /* Service */,
				A569DF052AA448C0006D39AA /* Utilities */,
				A569DEFE2AA4478C006D39AA /* System */,
				A5652C4D2AA407A90045DB95 /* Repository */,
				A5AE6FED2AA3F32900168037 /* Injected */,
				A5AE6FE02AA3EF7B00168037 /* Presentation */,
				A5AE6FDE2AA3EDD900168037 /* Domain */,
				A5B7D5E629B41915001D7113 /* Resources */,
				A5B7D5D729B3B610001D7113 /* Manager */,
				A525EEA929B172BC00A57CE8 /* AITherapistApp.swift */,
				A525EEAB29B172BC00A57CE8 /* ContentView.swift */,
				A525EEAF29B172BF00A57CE8 /* Preview Content */,
			);
			name = AITherapist;
			path = /Users/cyrusrefahi/Documents/AITherapist/AITherapist;
			sourceTree = "<absolute>";
		};
		A525EEAF29B172BF00A57CE8 /* Preview Content */ = {
			isa = PBXGroup;
			children = (
				A525EEB029B172BF00A57CE8 /* Preview Assets.xcassets */,
			);
			path = "Preview Content";
			sourceTree = "<group>";
		};
		A55BCAD92AA439B300C8335E /* Diary */ = {
			isa = PBXGroup;
			children = (
				A516527E2AA43A87005E9BC6 /* Diary.swift */,
			);
			path = Diary;
			sourceTree = "<group>";
		};
		A5652C4D2AA407A90045DB95 /* Repository */ = {
			isa = PBXGroup;
			children = (
				A50B167C2AC26D7400571D27 /* InsightRepository.swift */,
				A566DCA02AA503A200920940 /* WebRepository.swift */,
				A57AD7CF2AA64AB8008EC1FB /* ConversationRepository.swift */,
				A57AD7D42AA65D83008EC1FB /* AuthenticateRepository.swift */,
				A5CA948A2AA7D74300E25A46 /* ConversationDBRepository.swift */,
				A5CA94902AA7FFBC00E25A46 /* PushTokenWebRepository.swift */,
				A5CA94A32AA9646500E25A46 /* UserDBRepository.swift */,
				A50B167A2AC26D3300571D27 /* InsightDBRepository.swift */,
				A58AA4942AD601C9001F7253 /* ChatDBRepository.swift */,
			);
			path = Repository;
			sourceTree = "<group>";
		};
		A569DEFA2AA44083006D39AA /* User */ = {
			isa = PBXGroup;
			children = (
				A5B7D5CD29B3AFFD001D7113 /* User.swift */,
			);
			path = User;
			sourceTree = "<group>";
		};
		A569DEFB2AA44219006D39AA /* Chat */ = {
			isa = PBXGroup;
			children = (
				A569DEFC2AA4423C006D39AA /* Chat.swift */,
			);
			path = Chat;
			sourceTree = "<group>";
		};
		A569DEFE2AA4478C006D39AA /* System */ = {
			isa = PBXGroup;
			children = (
				A569DEFF2AA447B0006D39AA /* AppDelegate.swift */,
				A569DF012AA44822006D39AA /* SystemEventsHandler.swift */,
				A50A1A6C2AA44CE000A6AD6D /* SceneDelegate.swift */,
				A50A1A6E2AA44D0D00A6AD6D /* AppEnvironment.swift */,
				A5CA948C2AA7FA6D00E25A46 /* PushNotificationsHandler.swift */,
				A5CA948E2AA7FE8000E25A46 /* DeepLinksHandler.swift */,
			);
			name = System;
			path = /Users/cyrusrefahi/Documents/AITherapist/AITherapist/System;
			sourceTree = "<absolute>";
		};
		A569DF052AA448C0006D39AA /* Utilities */ = {
			isa = PBXGroup;
			children = (
				A569DF062AA448E9006D39AA /* Store.swift */,
				A50A1A6A2AA44C9400A6AD6D /* Helper.swift */,
				A566DCA22AA503EE00920940 /* APICall.swift */,
				A5C55FDA2AA55DBD00154ED0 /* CancelBag.swift */,
				A57AD7D92AA678CB008EC1FB /* LazyList.swift */,
				A57AD7DF2AA67B51008EC1FB /* Loadable.swift */,
				A59C64062ACA3DA300B76256 /* Fonts.swift */,
			);
			name = Utilities;
			path = /Users/cyrusrefahi/Documents/AITherapist/AITherapist/Utilities;
			sourceTree = "<absolute>";
		};
		A578EACA2AA4187E00D992AD /* Message */ = {
			isa = PBXGroup;
			children = (
				A578EACB2AA418A200D992AD /* Message.swift */,
			);
			path = Message;
			sourceTree = "<group>";
		};
		A57AD7D12AA64C4B008EC1FB /* Error */ = {
			isa = PBXGroup;
			children = (
				A57AD7D22AA64C6D008EC1FB /* Error.swift */,
			);
			path = Error;
			sourceTree = "<group>";
		};
		A57AD7D62AA677ED008EC1FB /* Service */ = {
			isa = PBXGroup;
			children = (
				A57AD7D72AA6781F008EC1FB /* ConversationService.swift */,
				A5CA94922AA8039D00E25A46 /* UserPermissionsService.swift */,
				A5CA94A12AA959BD00E25A46 /* AuthenticateService.swift */,
				A50B16782AC26BA400571D27 /* InsightService.swift */,
			);
			name = Service;
			path = /Users/cyrusrefahi/Documents/AITherapist/AITherapist/Service;
			sourceTree = "<absolute>";
		};
		A59C63C92ACA37EE00B76256 /* Login */ = {
			isa = PBXGroup;
			children = (
				A59C63CA2ACA37EE00B76256 /* ViewModel */,
				A59C63CC2ACA37EE00B76256 /* View */,
			);
			path = Login;
			sourceTree = "<group>";
		};
		A59C63CA2ACA37EE00B76256 /* ViewModel */ = {
			isa = PBXGroup;
			children = (
				A59C63CB2ACA37EE00B76256 /* LoginViewModel.swift */,
			);
			path = ViewModel;
			sourceTree = "<group>";
		};
		A59C63CC2ACA37EE00B76256 /* View */ = {
			isa = PBXGroup;
			children = (
				A59C63CD2ACA37EE00B76256 /* LoginView.swift */,
				A59C63CE2ACA37EE00B76256 /* UsernameInputView.swift */,
				A59C63CF2ACA37EE00B76256 /* PasswordInputView.swift */,
			);
			path = View;
			sourceTree = "<group>";
		};
		A59C63D02ACA37EE00B76256 /* AuthenticationView */ = {
			isa = PBXGroup;
			children = (
				A59C63D12ACA37EE00B76256 /* AuthenticationView.swift */,
				A59C63D22ACA37EE00B76256 /* AuthenticationViewModel.swift */,
			);
			path = AuthenticationView;
			sourceTree = "<group>";
		};
		A59C63D32ACA37EE00B76256 /* Root */ = {
			isa = PBXGroup;
			children = (
				A59C63D42ACA37EE00B76256 /* RootViewAppearance.swift */,
			);
			path = Root;
			sourceTree = "<group>";
		};
		A59C63D52ACA37EE00B76256 /* Components */ = {
			isa = PBXGroup;
			children = (
				A59C63D62ACA37EE00B76256 /* Logo.swift */,
				A59C63D72ACA37EE00B76256 /* CustomTabBar.swift */,
				A59C63D82ACA37EE00B76256 /* ActivityIndicatorView.swift */,
				A59C63D92ACA37EE00B76256 /* ErrorView.swift */,
				A59C64082ACA58E500B76256 /* ChartView.swift */,
				A58AA4962AD7A9D9001F7253 /* Loading.swift */,
			);
			path = Components;
			sourceTree = "<group>";
		};
		A59C63DA2ACA37EE00B76256 /* HomeView */ = {
			isa = PBXGroup;
			children = (
				A59C63DB2ACA37EE00B76256 /* HomeView.swift */,
			);
			path = HomeView;
			sourceTree = "<group>";
		};
		A59C63DC2ACA37EE00B76256 /* MainView */ = {
			isa = PBXGroup;
			children = (
				A59C63DD2ACA37EE00B76256 /* MainView.swift */,
			);
			path = MainView;
			sourceTree = "<group>";
		};
		A59C63DE2ACA37EE00B76256 /* SignUp */ = {
			isa = PBXGroup;
			children = (
				A59C63DF2ACA37EE00B76256 /* ViewModel */,
				A59C63E02ACA37EE00B76256 /* View */,
			);
			path = SignUp;
			sourceTree = "<group>";
		};
		A59C63DF2ACA37EE00B76256 /* ViewModel */ = {
			isa = PBXGroup;
			children = (
			);
			path = ViewModel;
			sourceTree = "<group>";
		};
		A59C63E02ACA37EE00B76256 /* View */ = {
			isa = PBXGroup;
			children = (
				A59C63E12ACA37EE00B76256 /* ContentMessageView.swift */,
				A59C63E22ACA37EE00B76256 /* SpeechVisualBarView.swift */,
				A59C63E42ACA37EE00B76256 /* SignUpView.swift */,
				A59C63E52ACA37EE00B76256 /* MessageView.swift */,
			);
			path = View;
			sourceTree = "<group>";
		};
		A59C63E62ACA37EE00B76256 /* BreathingView */ = {
			isa = PBXGroup;
			children = (
				A59C63E72ACA37EE00B76256 /* BreathingView.swift */,
			);
			path = BreathingView;
			sourceTree = "<group>";
		};
		A59C63E82ACA37EE00B76256 /* ConversationListView */ = {
			isa = PBXGroup;
			children = (
				A59C63E92ACA37EE00B76256 /* ConversationListView.swift */,
			);
			path = ConversationListView;
			sourceTree = "<group>";
		};
		A59C63EA2ACA37EE00B76256 /* MainContentView */ = {
			isa = PBXGroup;
			children = (
				A59C63EB2ACA37EE00B76256 /* MainContentView.swift */,
			);
			path = MainContentView;
			sourceTree = "<group>";
		};
		A59C63EC2ACA37EE00B76256 /* TherapyChat */ = {
			isa = PBXGroup;
			children = (
				A59C63ED2ACA37EE00B76256 /* ViewModel */,
				A59C63EF2ACA37EE00B76256 /* View */,
			);
			path = TherapyChat;
			sourceTree = "<group>";
		};
		A59C63ED2ACA37EE00B76256 /* ViewModel */ = {
			isa = PBXGroup;
			children = (
				A59C63EE2ACA37EE00B76256 /* TherapyChatModel.swift */,
			);
			path = ViewModel;
			sourceTree = "<group>";
		};
		A59C63EF2ACA37EE00B76256 /* View */ = {
			isa = PBXGroup;
			children = (
				A59C63E32ACA37EE00B76256 /* TherapyChatView.swift */,
			);
			path = View;
			sourceTree = "<group>";
		};
		A59EB1512ACA28A900F31A12 /* UI */ = {
			isa = PBXGroup;
			children = (
				A59C63D02ACA37EE00B76256 /* AuthenticationView */,
				A59C63E62ACA37EE00B76256 /* BreathingView */,
				A59C63D52ACA37EE00B76256 /* Components */,
				A59C63E82ACA37EE00B76256 /* ConversationListView */,
				A59C63DA2ACA37EE00B76256 /* HomeView */,
				A59C63C92ACA37EE00B76256 /* Login */,
				A59C63EA2ACA37EE00B76256 /* MainContentView */,
				A59C63DC2ACA37EE00B76256 /* MainView */,
				A59C63D32ACA37EE00B76256 /* Root */,
				A59C63DE2ACA37EE00B76256 /* SignUp */,
				A59C63EC2ACA37EE00B76256 /* TherapyChat */,
			);
			name = UI;
			path = /Users/cyrusrefahi/Documents/AITherapist/AITherapist/Presentation/UI;
			sourceTree = "<absolute>";
		};
		A5AE6FD82AA3E91D00168037 /* ConversationSummary */ = {
			isa = PBXGroup;
			children = (
				A5AE6FD92AA3E9AE00168037 /* ConversationSummary.swift */,
			);
			path = ConversationSummary;
			sourceTree = "<group>";
		};
		A5AE6FDB2AA3ECCC00168037 /* Conversation */ = {
			isa = PBXGroup;
			children = (
				A5AE6FDC2AA3ECF000168037 /* Conversation.swift */,
			);
			path = Conversation;
			sourceTree = "<group>";
		};
		A5AE6FDE2AA3EDD900168037 /* Domain */ = {
			isa = PBXGroup;
			children = (
				A5AE6FDF2AA3EDE100168037 /* Entities */,
			);
			path = Domain;
			sourceTree = "<group>";
		};
		A5AE6FDF2AA3EDE100168037 /* Entities */ = {
			isa = PBXGroup;
			children = (
				A5B7D5CA29B3ADD5001D7113 /* Model */,
			);
			path = Entities;
			sourceTree = "<group>";
		};
		A5AE6FE02AA3EF7B00168037 /* Presentation */ = {
			isa = PBXGroup;
			children = (
				A59EB1512ACA28A900F31A12 /* UI */,
			);
			path = Presentation;
			sourceTree = "<group>";
		};
		A5AE6FEC2AA3F00A00168037 /* Assets */ = {
			isa = PBXGroup;
			children = (
				A525EEAD29B172BF00A57CE8 /* Assets.xcassets */,
				A5CA94AF2AAA9BC900E25A46 /* AfterEffects */,
			);
			name = Assets;
			path = /Users/cyrusrefahi/Documents/AITherapist/AITherapist/Resources/Assets;
			sourceTree = "<absolute>";
		};
		A5AE6FED2AA3F32900168037 /* Injected */ = {
			isa = PBXGroup;
			children = (
				A5AE6FEE2AA3F37600168037 /* AppState.swift */,
				A569DF032AA4488C006D39AA /* DependencyInjector.swift */,
				A50A1A652AA44A2D00A6AD6D /* ServiceContainer.swift */,
			);
			path = Injected;
			sourceTree = "<group>";
		};
		A5B7D5CA29B3ADD5001D7113 /* Model */ = {
			isa = PBXGroup;
			children = (
				A50F0E532AC123100081AD4C /* GeneralUserSummary */,
				A5EFC5942AC10FAB00D6097B /* Mood */,
				A5EFC58F2AC1071400D6097B /* Insight */,
				A5CA949E2AA9586E00E25A46 /* Response */,
				A57AD7D12AA64C4B008EC1FB /* Error */,
				A569DEFB2AA44219006D39AA /* Chat */,
				A569DEFA2AA44083006D39AA /* User */,
				A51652802AA43E93005E9BC6 /* Quote */,
				A55BCAD92AA439B300C8335E /* Diary */,
				A578EACA2AA4187E00D992AD /* Message */,
				A5AE6FDB2AA3ECCC00168037 /* Conversation */,
				A5AE6FD82AA3E91D00168037 /* ConversationSummary */,
				A5B7D5CF29B3B03C001D7113 /* Enums.swift */,
				A505865229BCFF2A001F1970 /* AuthenticateMessage.swift */,
			);
			path = Model;
			sourceTree = "<group>";
		};
		A5B7D5D729B3B610001D7113 /* Manager */ = {
			isa = PBXGroup;
			children = (
				A5A708CB29C5342B001BCF2F /* SpeechManager.swift */,
				A56E179F29B2DB680077B76B /* SpeakManager.swift */,
				A5B7D5D829B3B640001D7113 /* DatabaseManager.swift */,
				A5B7D5DE29B3D4B3001D7113 /* NetworkManager.swift */,
				A596AD1129B4385100C19DA6 /* MicManager.swift */,
				A505865429BD003B001F1970 /* PersistentManager.swift */,
			);
			path = Manager;
			sourceTree = "<group>";
		};
		A5B7D5E629B41915001D7113 /* Resources */ = {
			isa = PBXGroup;
			children = (
				A5CA949C2AA81AD200E25A46 /* LaunchScreen.storyboard */,
				A5CA949B2AA81ACE00E25A46 /* Localizable.strings */,
				A5AE6FEC2AA3F00A00168037 /* Assets */,
				A5B7D5E729B41997001D7113 /* Utilities.swift */,
				A505865629BD00C8001F1970 /* Extentions.swift */,
				A58AA4982AD7C86B001F7253 /* Constants.swift */,
			);
			name = Resources;
			path = /Users/cyrusrefahi/Documents/AITherapist/AITherapist/Resources;
			sourceTree = "<absolute>";
		};
		A5CA949A2AA81AA100E25A46 /* UnitTest */ = {
			isa = PBXGroup;
			children = (
				A51B4E3A2AD0F1C200A14AFA /* ConversationsTests.swift */,
			);
			path = UnitTest;
			sourceTree = "<group>";
		};
		A5CA949E2AA9586E00E25A46 /* Response */ = {
			isa = PBXGroup;
			children = (
				A5CA949F2AA958AC00E25A46 /* Response.swift */,
			);
			name = Response;
			path = /Users/cyrusrefahi/Documents/AITherapist/AITherapist/Domain/Entities/Model/Response;
			sourceTree = "<absolute>";
		};
		A5CA94AF2AAA9BC900E25A46 /* AfterEffects */ = {
			isa = PBXGroup;
			children = (
				A5CA94B52AAAA4E300E25A46 /* splashScreen.json */,
			);
			name = AfterEffects;
			path = /Users/cyrusrefahi/Documents/AITherapist/AITherapist/Resources/Assets/AfterEffects;
			sourceTree = "<absolute>";
		};
		A5EFC58F2AC1071400D6097B /* Insight */ = {
			isa = PBXGroup;
			children = (
				A5EFC5902AC1072300D6097B /* Insight.swift */,
			);
			path = Insight;
			sourceTree = "<group>";
		};
		A5EFC5942AC10FAB00D6097B /* Mood */ = {
			isa = PBXGroup;
			children = (
				A5EFC5952AC10FC600D6097B /* Mood.swift */,
			);
			path = Mood;
			sourceTree = "<group>";
		};
/* End PBXGroup section */

/* Begin PBXNativeTarget section */
		A51B4E302AD0F14500A14AFA /* AITherapistTests */ = {
			isa = PBXNativeTarget;
			buildConfigurationList = A51B4E392AD0F14500A14AFA /* Build configuration list for PBXNativeTarget "AITherapistTests" */;
			buildPhases = (
				A51B4E2D2AD0F14500A14AFA /* Sources */,
				A51B4E2E2AD0F14500A14AFA /* Frameworks */,
				A51B4E2F2AD0F14500A14AFA /* Resources */,
			);
			buildRules = (
			);
			dependencies = (
				A51B4E362AD0F14500A14AFA /* PBXTargetDependency */,
			);
			name = AITherapistTests;
			productName = AITherapistTests;
			productReference = A51B4E312AD0F14500A14AFA /* AITherapistTests.xctest */;
			productType = "com.apple.product-type.bundle.unit-test";
		};
		A525EEA529B172BC00A57CE8 /* AITherapist */ = {
			isa = PBXNativeTarget;
			buildConfigurationList = A525EEB429B172BF00A57CE8 /* Build configuration list for PBXNativeTarget "AITherapist" */;
			buildPhases = (
				D7BE1B37DCB9FFDB772813CD /* [CP] Check Pods Manifest.lock */,
				A525EEA229B172BC00A57CE8 /* Sources */,
				A525EEA329B172BC00A57CE8 /* Frameworks */,
				3E18B8E902C06A32BEB5BAD5 /* [CP] Embed Pods Frameworks */,
				A5CA94B92AAAB6EA00E25A46 /* Resources */,
			);
			buildRules = (
			);
			dependencies = (
			);
			name = AITherapist;
			packageProductDependencies = (
				A5CA94952AA80F7F00E25A46 /* EnvironmentOverrides */,
			);
			productName = AITherapist;
			productReference = A525EEA629B172BC00A57CE8 /* AITherapist.app */;
			productType = "com.apple.product-type.application";
		};
/* End PBXNativeTarget section */

/* Begin PBXProject section */
		A525EE9E29B172BC00A57CE8 /* Project object */ = {
			isa = PBXProject;
			attributes = {
				BuildIndependentTargetsInParallel = 1;
				LastSwiftUpdateCheck = 1500;
				LastUpgradeCheck = 1500;
				TargetAttributes = {
					A51B4E302AD0F14500A14AFA = {
						CreatedOnToolsVersion = 15.0;
						TestTargetID = A525EEA529B172BC00A57CE8;
					};
					A525EEA529B172BC00A57CE8 = {
						CreatedOnToolsVersion = 14.2;
					};
				};
			};
			buildConfigurationList = A525EEA129B172BC00A57CE8 /* Build configuration list for PBXProject "AITherapist" */;
			compatibilityVersion = "Xcode 14.0";
			developmentRegion = en;
			hasScannedForEncodings = 0;
			knownRegions = (
				en,
				Base,
			);
			mainGroup = A525EE9D29B172BC00A57CE8;
			packageReferences = (
				A5CA94942AA80F7F00E25A46 /* XCRemoteSwiftPackageReference "EnvironmentOverrides" */,
			);
			productRefGroup = A525EEA729B172BC00A57CE8 /* Products */;
			projectDirPath = "";
			projectRoot = "";
			targets = (
				A525EEA529B172BC00A57CE8 /* AITherapist */,
				A51B4E302AD0F14500A14AFA /* AITherapistTests */,
			);
		};
/* End PBXProject section */

/* Begin PBXResourcesBuildPhase section */
		A51B4E2F2AD0F14500A14AFA /* Resources */ = {
			isa = PBXResourcesBuildPhase;
			buildActionMask = 2147483647;
			files = (
			);
			runOnlyForDeploymentPostprocessing = 0;
		};
		A5CA94B92AAAB6EA00E25A46 /* Resources */ = {
			isa = PBXResourcesBuildPhase;
			buildActionMask = 2147483647;
			files = (
				A577D5DE2AB7A2A100D48F94 /* Assets.xcassets in Resources */,
				A5CA94BA2AAAB6F400E25A46 /* splashScreen.json in Resources */,
			);
			runOnlyForDeploymentPostprocessing = 0;
		};
/* End PBXResourcesBuildPhase section */

/* Begin PBXShellScriptBuildPhase section */
		3E18B8E902C06A32BEB5BAD5 /* [CP] Embed Pods Frameworks */ = {
			isa = PBXShellScriptBuildPhase;
			buildActionMask = 2147483647;
			files = (
			);
			inputFileListPaths = (
				"${PODS_ROOT}/Target Support Files/Pods-AITherapist/Pods-AITherapist-frameworks-${CONFIGURATION}-input-files.xcfilelist",
			);
			name = "[CP] Embed Pods Frameworks";
			outputFileListPaths = (
				"${PODS_ROOT}/Target Support Files/Pods-AITherapist/Pods-AITherapist-frameworks-${CONFIGURATION}-output-files.xcfilelist",
			);
			runOnlyForDeploymentPostprocessing = 0;
			shellPath = /bin/sh;
			shellScript = "\"${PODS_ROOT}/Target Support Files/Pods-AITherapist/Pods-AITherapist-frameworks.sh\"\n";
			showEnvVarsInLog = 0;
		};
		D7BE1B37DCB9FFDB772813CD /* [CP] Check Pods Manifest.lock */ = {
			isa = PBXShellScriptBuildPhase;
			buildActionMask = 2147483647;
			files = (
			);
			inputFileListPaths = (
			);
			inputPaths = (
				"${PODS_PODFILE_DIR_PATH}/Podfile.lock",
				"${PODS_ROOT}/Manifest.lock",
			);
			name = "[CP] Check Pods Manifest.lock";
			outputFileListPaths = (
			);
			outputPaths = (
				"$(DERIVED_FILE_DIR)/Pods-AITherapist-checkManifestLockResult.txt",
			);
			runOnlyForDeploymentPostprocessing = 0;
			shellPath = /bin/sh;
			shellScript = "diff \"${PODS_PODFILE_DIR_PATH}/Podfile.lock\" \"${PODS_ROOT}/Manifest.lock\" > /dev/null\nif [ $? != 0 ] ; then\n    # print error to STDERR\n    echo \"error: The sandbox is not in sync with the Podfile.lock. Run 'pod install' or update your CocoaPods installation.\" >&2\n    exit 1\nfi\n# This output is used by Xcode 'outputs' to avoid re-running this script phase.\necho \"SUCCESS\" > \"${SCRIPT_OUTPUT_FILE_0}\"\n";
			showEnvVarsInLog = 0;
		};
/* End PBXShellScriptBuildPhase section */

/* Begin PBXSourcesBuildPhase section */
		A51B4E2D2AD0F14500A14AFA /* Sources */ = {
			isa = PBXSourcesBuildPhase;
			buildActionMask = 2147483647;
			files = (
				A51B4E3B2AD0F1C300A14AFA /* ConversationsTests.swift in Sources */,
				A51B4E342AD0F14500A14AFA /* AITherapistTests.swift in Sources */,
			);
			runOnlyForDeploymentPostprocessing = 0;
		};
		A525EEA229B172BC00A57CE8 /* Sources */ = {
			isa = PBXSourcesBuildPhase;
			buildActionMask = 2147483647;
			files = (
				A50B167D2AC26D7400571D27 /* InsightRepository.swift in Sources */,
				A566DCA32AA503EE00920940 /* APICall.swift in Sources */,
				A5CA948F2AA7FE8000E25A46 /* DeepLinksHandler.swift in Sources */,
				A5B7D5DF29B3D4B3001D7113 /* NetworkManager.swift in Sources */,
				A5B7D5D929B3B640001D7113 /* DatabaseManager.swift in Sources */,
				A50F0E552AC1233B0081AD4C /* GeneralUserSummary.swift in Sources */,
				A5AE6FDD2AA3ECF100168037 /* Conversation.swift in Sources */,
				A59C63FA2ACA37EE00B76256 /* ErrorView.swift in Sources */,
				A5B7D5E829B41997001D7113 /* Utilities.swift in Sources */,
				A59C63FC2ACA37EE00B76256 /* MainView.swift in Sources */,
				A59C63F02ACA37EE00B76256 /* LoginViewModel.swift in Sources */,
				A5EFC5962AC10FC600D6097B /* Mood.swift in Sources */,
				A59C64002ACA37EE00B76256 /* SignUpView.swift in Sources */,
				A59C63FE2ACA37EE00B76256 /* SpeechVisualBarView.swift in Sources */,
				A5EFC5912AC1072300D6097B /* Insight.swift in Sources */,
				A505865529BD003B001F1970 /* PersistentManager.swift in Sources */,
				A5CA94912AA7FFBC00E25A46 /* PushTokenWebRepository.swift in Sources */,
				A59C63F22ACA37EE00B76256 /* UsernameInputView.swift in Sources */,
				A50A1A6F2AA44D0D00A6AD6D /* AppEnvironment.swift in Sources */,
				A56E17A029B2DB680077B76B /* SpeakManager.swift in Sources */,
				A59C63F82ACA37EE00B76256 /* CustomTabBar.swift in Sources */,
				A578EACC2AA418A200D992AD /* Message.swift in Sources */,
				A525EEAC29B172BC00A57CE8 /* ContentView.swift in Sources */,
				A59C64092ACA58E500B76256 /* ChartView.swift in Sources */,
				A5CA948B2AA7D74300E25A46 /* ConversationDBRepository.swift in Sources */,
				A58AA4972AD7A9DA001F7253 /* Loading.swift in Sources */,
				A5B7D5CE29B3AFFD001D7113 /* User.swift in Sources */,
				A59C63FD2ACA37EE00B76256 /* ContentMessageView.swift in Sources */,
				A57AD7E02AA67B51008EC1FB /* Loadable.swift in Sources */,
				A59C63F52ACA37EE00B76256 /* AuthenticationViewModel.swift in Sources */,
				A569DF022AA44822006D39AA /* SystemEventsHandler.swift in Sources */,
				A505865329BCFF2A001F1970 /* AuthenticateMessage.swift in Sources */,
				A5CA94932AA8039D00E25A46 /* UserPermissionsService.swift in Sources */,
				A569DEFD2AA4423C006D39AA /* Chat.swift in Sources */,
				A5A708CC29C5342B001BCF2F /* SpeechManager.swift in Sources */,
				A59C64032ACA37EE00B76256 /* ConversationListView.swift in Sources */,
				A59C63F72ACA37EE00B76256 /* Logo.swift in Sources */,
				A525EEAA29B172BC00A57CE8 /* AITherapistApp.swift in Sources */,
				A57AD7DA2AA678CB008EC1FB /* LazyList.swift in Sources */,
				A505865729BD00C8001F1970 /* Extentions.swift in Sources */,
				A57AD7D52AA65D83008EC1FB /* AuthenticateRepository.swift in Sources */,
				A5CA94A02AA958AC00E25A46 /* Response.swift in Sources */,
				A59C63F62ACA37EE00B76256 /* RootViewAppearance.swift in Sources */,
				A59C63FB2ACA37EE00B76256 /* HomeView.swift in Sources */,
				A59C63F32ACA37EE00B76256 /* PasswordInputView.swift in Sources */,
				A5AE6FDA2AA3E9AE00168037 /* ConversationSummary.swift in Sources */,
				A59C64052ACA37EE00B76256 /* TherapyChatModel.swift in Sources */,
				A50A1A662AA44A2D00A6AD6D /* ServiceContainer.swift in Sources */,
				A5C55FDB2AA55DBD00154ED0 /* CancelBag.swift in Sources */,
				A57AD7D32AA64C6D008EC1FB /* Error.swift in Sources */,
				A5CA94A22AA959BD00E25A46 /* AuthenticateService.swift in Sources */,
				A50A1A6B2AA44C9400A6AD6D /* Helper.swift in Sources */,
				A59C63F42ACA37EE00B76256 /* AuthenticationView.swift in Sources */,
				A50B167B2AC26D3300571D27 /* InsightDBRepository.swift in Sources */,
				A569DF002AA447B0006D39AA /* AppDelegate.swift in Sources */,
				A59C64022ACA37EE00B76256 /* BreathingView.swift in Sources */,
				A58AA4952AD601C9001F7253 /* ChatDBRepository.swift in Sources */,
				A569DF042AA4488C006D39AA /* DependencyInjector.swift in Sources */,
				A57AD7D82AA6781F008EC1FB /* ConversationService.swift in Sources */,
				A58AA4992AD7C86B001F7253 /* Constants.swift in Sources */,
				A5B7D5D029B3B03C001D7113 /* Enums.swift in Sources */,
				A5EFC5932AC10F0C00D6097B /* Quote.swift in Sources */,
				A5CA948D2AA7FA6D00E25A46 /* PushNotificationsHandler.swift in Sources */,
				A57AD7D02AA64AB8008EC1FB /* ConversationRepository.swift in Sources */,
				A59C64042ACA37EE00B76256 /* MainContentView.swift in Sources */,
				A569DF072AA448E9006D39AA /* Store.swift in Sources */,
				A516527F2AA43A87005E9BC6 /* Diary.swift in Sources */,
				A59C63F92ACA37EE00B76256 /* ActivityIndicatorView.swift in Sources */,
				A59C63FF2ACA37EE00B76256 /* TherapyChatView.swift in Sources */,
				A5AE6FEF2AA3F37600168037 /* AppState.swift in Sources */,
				A566DCA12AA503A200920940 /* WebRepository.swift in Sources */,
				A50A1A6D2AA44CE000A6AD6D /* SceneDelegate.swift in Sources */,
				A5CA94A42AA9646500E25A46 /* UserDBRepository.swift in Sources */,
				A59C63F12ACA37EE00B76256 /* LoginView.swift in Sources */,
				A59C64012ACA37EE00B76256 /* MessageView.swift in Sources */,
				A596AD1229B4385100C19DA6 /* MicManager.swift in Sources */,
				A59C64072ACA3DA300B76256 /* Fonts.swift in Sources */,
				A50B16792AC26BA400571D27 /* InsightService.swift in Sources */,
			);
			runOnlyForDeploymentPostprocessing = 0;
		};
/* End PBXSourcesBuildPhase section */

/* Begin PBXTargetDependency section */
		A51B4E362AD0F14500A14AFA /* PBXTargetDependency */ = {
			isa = PBXTargetDependency;
			target = A525EEA529B172BC00A57CE8 /* AITherapist */;
			targetProxy = A51B4E352AD0F14500A14AFA /* PBXContainerItemProxy */;
		};
/* End PBXTargetDependency section */

/* Begin XCBuildConfiguration section */
		A51B4E372AD0F14500A14AFA /* Debug */ = {
			isa = XCBuildConfiguration;
			buildSettings = {
				BUNDLE_LOADER = "$(TEST_HOST)";
				CODE_SIGN_STYLE = Automatic;
				CURRENT_PROJECT_VERSION = 1;
				DEVELOPMENT_TEAM = 39957QBL2C;
				GCC_C_LANGUAGE_STANDARD = gnu17;
				GENERATE_INFOPLIST_FILE = YES;
				IPHONEOS_DEPLOYMENT_TARGET = 17.0;
				LOCALIZATION_PREFERS_STRING_CATALOGS = YES;
				MARKETING_VERSION = 1.0;
				PRODUCT_BUNDLE_IDENTIFIER = CyrusRefahi.AITherapistTests;
				PRODUCT_NAME = "$(TARGET_NAME)";
				SWIFT_ACTIVE_COMPILATION_CONDITIONS = "DEBUG $(inherited)";
				SWIFT_EMIT_LOC_STRINGS = NO;
				SWIFT_VERSION = 5.0;
				TARGETED_DEVICE_FAMILY = "1,2";
				TEST_HOST = "$(BUILT_PRODUCTS_DIR)/AITherapist.app/$(BUNDLE_EXECUTABLE_FOLDER_PATH)/AITherapist";
			};
			name = Debug;
		};
		A51B4E382AD0F14500A14AFA /* Release */ = {
			isa = XCBuildConfiguration;
			buildSettings = {
				BUNDLE_LOADER = "$(TEST_HOST)";
				CODE_SIGN_STYLE = Automatic;
				CURRENT_PROJECT_VERSION = 1;
				DEVELOPMENT_TEAM = 39957QBL2C;
				GCC_C_LANGUAGE_STANDARD = gnu17;
				GENERATE_INFOPLIST_FILE = YES;
				IPHONEOS_DEPLOYMENT_TARGET = 17.0;
				LOCALIZATION_PREFERS_STRING_CATALOGS = YES;
				MARKETING_VERSION = 1.0;
				PRODUCT_BUNDLE_IDENTIFIER = CyrusRefahi.AITherapistTests;
				PRODUCT_NAME = "$(TARGET_NAME)";
				SWIFT_EMIT_LOC_STRINGS = NO;
				SWIFT_VERSION = 5.0;
				TARGETED_DEVICE_FAMILY = "1,2";
				TEST_HOST = "$(BUILT_PRODUCTS_DIR)/AITherapist.app/$(BUNDLE_EXECUTABLE_FOLDER_PATH)/AITherapist";
			};
			name = Release;
		};
		A525EEB229B172BF00A57CE8 /* Debug */ = {
			isa = XCBuildConfiguration;
			buildSettings = {
				ALWAYS_SEARCH_USER_PATHS = NO;
				ASSETCATALOG_COMPILER_GENERATE_SWIFT_ASSET_SYMBOL_EXTENSIONS = YES;
				CLANG_ANALYZER_NONNULL = YES;
				CLANG_ANALYZER_NUMBER_OBJECT_CONVERSION = YES_AGGRESSIVE;
				CLANG_CXX_LANGUAGE_STANDARD = "gnu++20";
				CLANG_ENABLE_MODULES = YES;
				CLANG_ENABLE_OBJC_ARC = YES;
				CLANG_ENABLE_OBJC_WEAK = YES;
				CLANG_WARN_BLOCK_CAPTURE_AUTORELEASING = YES;
				CLANG_WARN_BOOL_CONVERSION = YES;
				CLANG_WARN_COMMA = YES;
				CLANG_WARN_CONSTANT_CONVERSION = YES;
				CLANG_WARN_DEPRECATED_OBJC_IMPLEMENTATIONS = YES;
				CLANG_WARN_DIRECT_OBJC_ISA_USAGE = YES_ERROR;
				CLANG_WARN_DOCUMENTATION_COMMENTS = YES;
				CLANG_WARN_EMPTY_BODY = YES;
				CLANG_WARN_ENUM_CONVERSION = YES;
				CLANG_WARN_INFINITE_RECURSION = YES;
				CLANG_WARN_INT_CONVERSION = YES;
				CLANG_WARN_NON_LITERAL_NULL_CONVERSION = YES;
				CLANG_WARN_OBJC_IMPLICIT_RETAIN_SELF = YES;
				CLANG_WARN_OBJC_LITERAL_CONVERSION = YES;
				CLANG_WARN_OBJC_ROOT_CLASS = YES_ERROR;
				CLANG_WARN_QUOTED_INCLUDE_IN_FRAMEWORK_HEADER = YES;
				CLANG_WARN_RANGE_LOOP_ANALYSIS = YES;
				CLANG_WARN_STRICT_PROTOTYPES = YES;
				CLANG_WARN_SUSPICIOUS_MOVE = YES;
				CLANG_WARN_UNGUARDED_AVAILABILITY = YES_AGGRESSIVE;
				CLANG_WARN_UNREACHABLE_CODE = YES;
				CLANG_WARN__DUPLICATE_METHOD_MATCH = YES;
				COPY_PHASE_STRIP = NO;
				DEBUG_INFORMATION_FORMAT = dwarf;
				ENABLE_STRICT_OBJC_MSGSEND = YES;
				ENABLE_TESTABILITY = YES;
				ENABLE_USER_SCRIPT_SANDBOXING = YES;
				GCC_C_LANGUAGE_STANDARD = gnu11;
				GCC_DYNAMIC_NO_PIC = NO;
				GCC_NO_COMMON_BLOCKS = YES;
				GCC_OPTIMIZATION_LEVEL = 0;
				GCC_PREPROCESSOR_DEFINITIONS = (
					"DEBUG=1",
					"$(inherited)",
				);
				GCC_WARN_64_TO_32_BIT_CONVERSION = YES;
				GCC_WARN_ABOUT_RETURN_TYPE = YES_ERROR;
				GCC_WARN_UNDECLARED_SELECTOR = YES;
				GCC_WARN_UNINITIALIZED_AUTOS = YES_AGGRESSIVE;
				GCC_WARN_UNUSED_FUNCTION = YES;
				GCC_WARN_UNUSED_VARIABLE = YES;
				IPHONEOS_DEPLOYMENT_TARGET = 16.0;
				MTL_ENABLE_DEBUG_INFO = INCLUDE_SOURCE;
				MTL_FAST_MATH = YES;
				ONLY_ACTIVE_ARCH = YES;
				SDKROOT = iphoneos;
				SWIFT_ACTIVE_COMPILATION_CONDITIONS = DEBUG;
				SWIFT_OPTIMIZATION_LEVEL = "-Onone";
			};
			name = Debug;
		};
		A525EEB329B172BF00A57CE8 /* Release */ = {
			isa = XCBuildConfiguration;
			buildSettings = {
				ALWAYS_SEARCH_USER_PATHS = NO;
				ASSETCATALOG_COMPILER_GENERATE_SWIFT_ASSET_SYMBOL_EXTENSIONS = YES;
				CLANG_ANALYZER_NONNULL = YES;
				CLANG_ANALYZER_NUMBER_OBJECT_CONVERSION = YES_AGGRESSIVE;
				CLANG_CXX_LANGUAGE_STANDARD = "gnu++20";
				CLANG_ENABLE_MODULES = YES;
				CLANG_ENABLE_OBJC_ARC = YES;
				CLANG_ENABLE_OBJC_WEAK = YES;
				CLANG_WARN_BLOCK_CAPTURE_AUTORELEASING = YES;
				CLANG_WARN_BOOL_CONVERSION = YES;
				CLANG_WARN_COMMA = YES;
				CLANG_WARN_CONSTANT_CONVERSION = YES;
				CLANG_WARN_DEPRECATED_OBJC_IMPLEMENTATIONS = YES;
				CLANG_WARN_DIRECT_OBJC_ISA_USAGE = YES_ERROR;
				CLANG_WARN_DOCUMENTATION_COMMENTS = YES;
				CLANG_WARN_EMPTY_BODY = YES;
				CLANG_WARN_ENUM_CONVERSION = YES;
				CLANG_WARN_INFINITE_RECURSION = YES;
				CLANG_WARN_INT_CONVERSION = YES;
				CLANG_WARN_NON_LITERAL_NULL_CONVERSION = YES;
				CLANG_WARN_OBJC_IMPLICIT_RETAIN_SELF = YES;
				CLANG_WARN_OBJC_LITERAL_CONVERSION = YES;
				CLANG_WARN_OBJC_ROOT_CLASS = YES_ERROR;
				CLANG_WARN_QUOTED_INCLUDE_IN_FRAMEWORK_HEADER = YES;
				CLANG_WARN_RANGE_LOOP_ANALYSIS = YES;
				CLANG_WARN_STRICT_PROTOTYPES = YES;
				CLANG_WARN_SUSPICIOUS_MOVE = YES;
				CLANG_WARN_UNGUARDED_AVAILABILITY = YES_AGGRESSIVE;
				CLANG_WARN_UNREACHABLE_CODE = YES;
				CLANG_WARN__DUPLICATE_METHOD_MATCH = YES;
				COPY_PHASE_STRIP = NO;
				DEBUG_INFORMATION_FORMAT = "dwarf-with-dsym";
				ENABLE_NS_ASSERTIONS = NO;
				ENABLE_STRICT_OBJC_MSGSEND = YES;
				ENABLE_USER_SCRIPT_SANDBOXING = YES;
				GCC_C_LANGUAGE_STANDARD = gnu11;
				GCC_NO_COMMON_BLOCKS = YES;
				GCC_WARN_64_TO_32_BIT_CONVERSION = YES;
				GCC_WARN_ABOUT_RETURN_TYPE = YES_ERROR;
				GCC_WARN_UNDECLARED_SELECTOR = YES;
				GCC_WARN_UNINITIALIZED_AUTOS = YES_AGGRESSIVE;
				GCC_WARN_UNUSED_FUNCTION = YES;
				GCC_WARN_UNUSED_VARIABLE = YES;
				IPHONEOS_DEPLOYMENT_TARGET = 16.0;
				MTL_ENABLE_DEBUG_INFO = NO;
				MTL_FAST_MATH = YES;
				SDKROOT = iphoneos;
				SWIFT_COMPILATION_MODE = wholemodule;
				SWIFT_OPTIMIZATION_LEVEL = "-O";
				VALIDATE_PRODUCT = YES;
			};
			name = Release;
		};
		A525EEB529B172BF00A57CE8 /* Debug */ = {
			isa = XCBuildConfiguration;
			baseConfigurationReference = E42015C30DF5C284A403DE1D /* Pods-AITherapist.debug.xcconfig */;
			buildSettings = {
				ASSETCATALOG_COMPILER_APPICON_NAME = AppIcon;
				ASSETCATALOG_COMPILER_GLOBAL_ACCENT_COLOR_NAME = AccentColor;
				CODE_SIGN_STYLE = Automatic;
				CURRENT_PROJECT_VERSION = 1;
				DEVELOPMENT_ASSET_PATHS = "\"AITherapist/Preview Content\"";
				DEVELOPMENT_TEAM = 39957QBL2C;
				ENABLE_PREVIEWS = YES;
				ENABLE_USER_SCRIPT_SANDBOXING = NO;
				GENERATE_INFOPLIST_FILE = YES;
				INFOPLIST_FILE = AITherapist/Info.plist;
				INFOPLIST_KEY_LSApplicationCategoryType = "";
				INFOPLIST_KEY_NSMicrophoneUsageDescription = "Audio is recorded to transcribe the meeting. Audio recordings are discarded after transcription.”";
				INFOPLIST_KEY_NSSpeechRecognitionUsageDescription = "You can view a text transcription of your meeting in the app.";
				INFOPLIST_KEY_UIApplicationSupportsIndirectInputEvents = YES;
				INFOPLIST_KEY_UILaunchScreen_Generation = YES;
				INFOPLIST_KEY_UISupportedInterfaceOrientations_iPad = "UIInterfaceOrientationPortrait UIInterfaceOrientationPortraitUpsideDown UIInterfaceOrientationLandscapeLeft UIInterfaceOrientationLandscapeRight";
				INFOPLIST_KEY_UISupportedInterfaceOrientations_iPhone = "UIInterfaceOrientationPortrait UIInterfaceOrientationLandscapeLeft UIInterfaceOrientationLandscapeRight";
				IPHONEOS_DEPLOYMENT_TARGET = 16.0;
				LD_RUNPATH_SEARCH_PATHS = (
					"$(inherited)",
					"@executable_path/Frameworks",
				);
				MARKETING_VERSION = 1.0;
				PRODUCT_BUNDLE_IDENTIFIER = CyrusRefahi.AITherapist;
				PRODUCT_NAME = "$(TARGET_NAME)";
				SWIFT_EMIT_LOC_STRINGS = YES;
				SWIFT_VERSION = 5.0;
				TARGETED_DEVICE_FAMILY = "1,2";
			};
			name = Debug;
		};
		A525EEB629B172BF00A57CE8 /* Release */ = {
			isa = XCBuildConfiguration;
			baseConfigurationReference = 8DE6E6FDFE71D5785CF8491A /* Pods-AITherapist.release.xcconfig */;
			buildSettings = {
				ASSETCATALOG_COMPILER_APPICON_NAME = AppIcon;
				ASSETCATALOG_COMPILER_GLOBAL_ACCENT_COLOR_NAME = AccentColor;
				CODE_SIGN_STYLE = Automatic;
				CURRENT_PROJECT_VERSION = 1;
				DEVELOPMENT_ASSET_PATHS = "\"AITherapist/Preview Content\"";
				DEVELOPMENT_TEAM = 39957QBL2C;
				ENABLE_PREVIEWS = YES;
				ENABLE_USER_SCRIPT_SANDBOXING = NO;
				GENERATE_INFOPLIST_FILE = YES;
				INFOPLIST_FILE = AITherapist/Info.plist;
				INFOPLIST_KEY_LSApplicationCategoryType = "";
				INFOPLIST_KEY_NSMicrophoneUsageDescription = "Audio is recorded to transcribe the meeting. Audio recordings are discarded after transcription.”";
				INFOPLIST_KEY_NSSpeechRecognitionUsageDescription = "You can view a text transcription of your meeting in the app.";
				INFOPLIST_KEY_UIApplicationSupportsIndirectInputEvents = YES;
				INFOPLIST_KEY_UILaunchScreen_Generation = YES;
				INFOPLIST_KEY_UISupportedInterfaceOrientations_iPad = "UIInterfaceOrientationPortrait UIInterfaceOrientationPortraitUpsideDown UIInterfaceOrientationLandscapeLeft UIInterfaceOrientationLandscapeRight";
				INFOPLIST_KEY_UISupportedInterfaceOrientations_iPhone = "UIInterfaceOrientationPortrait UIInterfaceOrientationLandscapeLeft UIInterfaceOrientationLandscapeRight";
				IPHONEOS_DEPLOYMENT_TARGET = 16.0;
				LD_RUNPATH_SEARCH_PATHS = (
					"$(inherited)",
					"@executable_path/Frameworks",
				);
				MARKETING_VERSION = 1.0;
				PRODUCT_BUNDLE_IDENTIFIER = CyrusRefahi.AITherapist;
				PRODUCT_NAME = "$(TARGET_NAME)";
				SWIFT_EMIT_LOC_STRINGS = YES;
				SWIFT_VERSION = 5.0;
				TARGETED_DEVICE_FAMILY = "1,2";
			};
			name = Release;
		};
/* End XCBuildConfiguration section */

/* Begin XCConfigurationList section */
		A51B4E392AD0F14500A14AFA /* Build configuration list for PBXNativeTarget "AITherapistTests" */ = {
			isa = XCConfigurationList;
			buildConfigurations = (
				A51B4E372AD0F14500A14AFA /* Debug */,
				A51B4E382AD0F14500A14AFA /* Release */,
			);
			defaultConfigurationIsVisible = 0;
			defaultConfigurationName = Release;
		};
		A525EEA129B172BC00A57CE8 /* Build configuration list for PBXProject "AITherapist" */ = {
			isa = XCConfigurationList;
			buildConfigurations = (
				A525EEB229B172BF00A57CE8 /* Debug */,
				A525EEB329B172BF00A57CE8 /* Release */,
			);
			defaultConfigurationIsVisible = 0;
			defaultConfigurationName = Release;
		};
		A525EEB429B172BF00A57CE8 /* Build configuration list for PBXNativeTarget "AITherapist" */ = {
			isa = XCConfigurationList;
			buildConfigurations = (
				A525EEB529B172BF00A57CE8 /* Debug */,
				A525EEB629B172BF00A57CE8 /* Release */,
			);
			defaultConfigurationIsVisible = 0;
			defaultConfigurationName = Release;
		};
/* End XCConfigurationList section */

/* Begin XCRemoteSwiftPackageReference section */
		A5CA94942AA80F7F00E25A46 /* XCRemoteSwiftPackageReference "EnvironmentOverrides" */ = {
			isa = XCRemoteSwiftPackageReference;
			repositoryURL = "https://github.com/nalexn/EnvironmentOverrides";
			requirement = {
				kind = upToNextMajorVersion;
				minimumVersion = 0.0.4;
			};
		};
/* End XCRemoteSwiftPackageReference section */

/* Begin XCSwiftPackageProductDependency section */
		A5CA94952AA80F7F00E25A46 /* EnvironmentOverrides */ = {
			isa = XCSwiftPackageProductDependency;
			package = A5CA94942AA80F7F00E25A46 /* XCRemoteSwiftPackageReference "EnvironmentOverrides" */;
			productName = EnvironmentOverrides;
		};
/* End XCSwiftPackageProductDependency section */
	};
	rootObject = A525EE9E29B172BC00A57CE8 /* Project object */;
}
